{
  "name": "windmill-codebase-example",
  "lockfileVersion": 3,
  "requires": true,
  "packages": {
    "": {
      "name": "windmill-codebase-example",
      "dependencies": {
        "cowsay": "1.0.0",
        "cowsayjs": "^2.0.0"
      },
      "devDependencies": {
        "@types/bun": "latest"
      },
      "peerDependencies": {
        "typescript": "^5.0.0"
      }
    },
    "node_modules/@types/bun": {
      "version": "1.2.1",
      "resolved": "https://registry.npmjs.org/@types/bun/-/bun-1.2.1.tgz",
      "integrity": "sha512-iiCeMAKMkft8EPQJxSbpVRD0DKqrh91w40zunNajce3nMNNFd/LnAquVisSZC+UpTMjDwtcdyzbWct08IvEqRA==",
      "dev": true,
      "dependencies": {
        "bun-types": "1.2.1"
      }
    },
    "node_modules/@types/node": {
      "version": "22.12.0",
      "resolved": "https://registry.npmjs.org/@types/node/-/node-22.12.0.tgz",
      "integrity": "sha512-Fll2FZ1riMjNmlmJOdAyY5pUbkftXslB5DgEzlIuNaiWhXd00FhWxVC/r4yV/4wBb9JfImTu+jiSvXTkJ7F/gA==",
      "dev": true,
      "dependencies": {
        "undici-types": "~6.20.0"
      }
    },
    "node_modules/@types/ws": {
      "version": "8.5.14",
      "resolved": "https://registry.npmjs.org/@types/ws/-/ws-8.5.14.tgz",
      "integrity": "sha512-bd/YFLW+URhBzMXurx7lWByOu+xzU9+kb3RboOteXYDfW+tr+JZa99OyNmPINEGB/ahzKrEuc8rcv4gnpJmxTw==",
      "dev": true,
      "dependencies": {
        "@types/node": "*"
      }
    },
    "node_modules/bun-types": {
      "version": "1.2.1",
      "resolved": "https://registry.npmjs.org/bun-types/-/bun-types-1.2.1.tgz",
      "integrity": "sha512-p7bmXUWmrPWxhcbFVk7oUXM5jAGt94URaoa3qf4mz43MEhNAo/ot1urzBqctgvuq7y9YxkuN51u+/qm4BiIsHw==",
      "dev": true,
      "dependencies": {
        "@types/node": "*",
        "@types/ws": "~8.5.10"
      }
    },
    "node_modules/cowsay": {
      "version": "1.0.0",
      "resolved": "https://registry.npmjs.org/cowsay/-/cowsay-1.0.0.tgz",
      "integrity": "sha512-o5QoTkUdzQDGSJi6Zwjyxew8fSP+px3vdph+EoFHnk/UTZs4Ir/QuoxAB+9vdiAaUc/Nv7NieFMQxw7ar0dK3Q==",
      "dependencies": {
        "optimist": "~0.3.5"
      },
      "bin": {
        "cowsay": "cli.js",
        "cowthink": "cli.js"
      },
      "engines": {
        "node": ">=0.6.17"
      }
    },
    "node_modules/cowsayjs": {
      "version": "2.0.0",
      "resolved": "https://registry.npmjs.org/cowsayjs/-/cowsayjs-2.0.0.tgz",
      "integrity": "sha512-tnLvCAO9iL64dt8NEWidLx70LDm8kjvLAiZpd3ZFCyxYqnB5pyLGskdwDOsrrMj2Hp1oMujgCBMr8ua7l5EAdg==",
      "bin": {
        "cowsayjs": "cli/cowsay.js",
        "cowthinkjs": "cli/cowthink.js",
        "moojs": "cli/moo.js"
      },
      "engines": {
        "node": "*"
      }
    },
    "node_modules/optimist": {
      "version": "0.3.7",
      "resolved": "https://registry.npmjs.org/optimist/-/optimist-0.3.7.tgz",
      "integrity": "sha512-TCx0dXQzVtSCg2OgY/bO9hjM9cV4XYx09TVK+s3+FhkjT6LovsLe+pPMzpWf+6yXK/hUizs2gUoTw3jHM0VaTQ==",
      "dependencies": {
        "wordwrap": "~0.0.2"
      }
    },
    "node_modules/typescript": {
      "version": "5.4.5",
      "license": "Apache-2.0",
      "peer": true,
      "bin": {
        "tsc": "bin/tsc",
        "tsserver": "bin/tsserver"
      },
      "engines": {
        "node": ">=14.17"
      }
    },
    "node_modules/undici-types": {
      "version": "6.20.0",
      "resolved": "https://registry.npmjs.org/undici-types/-/undici-types-6.20.0.tgz",
      "integrity": "sha512-Ny6QZ2Nju20vw1SRHe3d9jVu6gJ+4e3+MMpqu7pqE5HT6WsTSlce++GQmK5UXS8mzV8DSYHrQH+Xrf2jVcuKNg==",
      "dev": true
    },
    "node_modules/wordwrap": {
      "version": "0.0.3",
      "resolved": "https://registry.npmjs.org/wordwrap/-/wordwrap-0.0.3.tgz",
      "integrity": "sha512-1tMA907+V4QmxV7dbRvb4/8MaRALK6q9Abid3ndMYnbyo8piisCmeONVqVSXqQA3KaP4SLt5b7ud6E2sqP8TFw==",
      "engines": {
        "node": ">=0.4.0"
      }
    }
  }
}
